
Microsoft Visual Studio Solution File, Format Version 12.00
# Visual Studio 14
VisualStudioVersion = 14.0.25420.1
MinimumVisualStudioVersion = 10.0.40219.1
Project("{FAE04EC0-301F-11D3-BF4B-00C04F79EFBC}") = "Bludata", "bludata\Bludata.csproj", "{F8FB29B8-9E80-43DF-89CC-1C7DF36A139A}"
EndProject
Project("{FAE04EC0-301F-11D3-BF4B-00C04F79EFBC}") = "AcessoDados", "AcessoDados\AcessoDados.csproj", "{B7D9AB4B-D205-4622-9779-CFF9DD6B20AF}"
EndProject
Project("{FAE04EC0-301F-11D3-BF4B-00C04F79EFBC}") = "Bludata.Entity", "bludata.entity\Bludata.Entity.csproj", "{294DF01F-1805-4F58-928F-0B3E0725C8D0}"
EndProject
Global
	GlobalSection(SolutionConfigurationPlatforms) = preSolution
		Debug|Any CPU = Debug|Any CPU
		Release|Any CPU = Release|Any CPU
	EndGlobalSection
	GlobalSection(ProjectConfigurationPlatforms) = postSolution
		{F8FB29B8-9E80-43DF-89CC-1C7DF36A139A}.Debug|Any CPU.ActiveCfg = Debug|Any CPU
		{F8FB29B8-9E80-43DF-89CC-1C7DF36A139A}.Debug|Any CPU.Build.0 = Debug|Any CPU
		{F8FB29B8-9E80-43DF-89CC-1C7DF36A139A}.Release|Any CPU.ActiveCfg = Release|Any CPU
		{F8FB29B8-9E80-43DF-89CC-1C7DF36A139A}.Release|Any CPU.Build.0 = Release|Any CPU
		{B7D9AB4B-D205-4622-9779-CFF9DD6B20AF}.Debug|Any CPU.ActiveCfg = Debug|Any CPU
		{B7D9AB4B-D205-4622-9779-CFF9DD6B20AF}.Debug|Any CPU.Build.0 = Debug|Any CPU
		{B7D9AB4B-D205-4622-9779-CFF9DD6B20AF}.Release|Any CPU.ActiveCfg = Release|Any CPU
		{B7D9AB4B-D205-4622-9779-CFF9DD6B20AF}.Release|Any CPU.Build.0 = Release|Any CPU
		{294DF01F-1805-4F58-928F-0B3E0725C8D0}.Debug|Any CPU.ActiveCfg = Debug|Any CPU
		{294DF01F-1805-4F58-928F-0B3E0725C8D0}.Debug|Any CPU.Build.0 = Debug|Any CPU
		{294DF01F-1805-4F58-928F-0B3E0725C8D0}.Release|Any CPU.ActiveCfg = Release|Any CPU
		{294DF01F-1805-4F58-928F-0B3E0725C8D0}.Release|Any CPU.Build.0 = Release|Any CPU
	EndGlobalSection
	GlobalSection(SolutionProperties) = preSolution
		HideSolutionNode = FALSE
	EndGlobalSection
EndGlobal
